
Microsoft Visual Studio Solution File, Format Version 12.00
# Visual Studio Version 17
VisualStudioVersion = 17.0.31903.59
MinimumVisualStudioVersion = 10.0.40219.1
Project("{FAE04EC0-301F-11D3-BF4B-00C04F79EFBC}") = "VirtualDofMatrix.Core", "src\VirtualDofMatrix.Core\VirtualDofMatrix.Core.csproj", "{A11EF832-CA20-4DEA-8CA1-A8C7EC2C4B7A}"
EndProject
Project("{FAE04EC0-301F-11D3-BF4B-00C04F79EFBC}") = "VirtualDofMatrix.App", "src\VirtualDofMatrix.App\VirtualDofMatrix.App.csproj", "{393BE8D7-434A-4C7C-BBDB-02C89A9D1433}"
EndProject
Project("{FAE04EC0-301F-11D3-BF4B-00C04F79EFBC}") = "VirtualDofMatrix.Tests", "src\VirtualDofMatrix.Tests\VirtualDofMatrix.Tests.csproj", "{D5C951E4-D8B7-429F-B86E-6B659FDF2C08}"
EndProject
Project("{2150E333-8FDC-42A3-9474-1A3956D46DE8}") = "installer", "installer", "{6E13A93E-402E-4A4C-BB78-D528750527D8}"
EndProject
Project("{FAE04EC0-301F-11D3-BF4B-00C04F79EFBC}") = "VirtualDofMatrix.Installer", "installer\VirtualDofMatrix.Installer\VirtualDofMatrix.Installer.csproj", "{D8E2F3A1-B4C5-4D6E-8F7A-9B0C1D2E3F45}"
EndProject
Global
	GlobalSection(SolutionConfigurationPlatforms) = preSolution
		Debug|Any CPU = Debug|Any CPU
		Release|Any CPU = Release|Any CPU
	EndGlobalSection
	GlobalSection(ProjectConfigurationPlatforms) = postSolution
		{A11EF832-CA20-4DEA-8CA1-A8C7EC2C4B7A}.Debug|Any CPU.ActiveCfg = Debug|Any CPU
		{A11EF832-CA20-4DEA-8CA1-A8C7EC2C4B7A}.Debug|Any CPU.Build.0 = Debug|Any CPU
		{A11EF832-CA20-4DEA-8CA1-A8C7EC2C4B7A}.Release|Any CPU.ActiveCfg = Release|Any CPU
		{A11EF832-CA20-4DEA-8CA1-A8C7EC2C4B7A}.Release|Any CPU.Build.0 = Release|Any CPU
		{393BE8D7-434A-4C7C-BBDB-02C89A9D1433}.Debug|Any CPU.ActiveCfg = Debug|Any CPU
		{393BE8D7-434A-4C7C-BBDB-02C89A9D1433}.Debug|Any CPU.Build.0 = Debug|Any CPU
		{393BE8D7-434A-4C7C-BBDB-02C89A9D1433}.Release|Any CPU.ActiveCfg = Release|Any CPU
		{393BE8D7-434A-4C7C-BBDB-02C89A9D1433}.Release|Any CPU.Build.0 = Release|Any CPU
		{D5C951E4-D8B7-429F-B86E-6B659FDF2C08}.Debug|Any CPU.ActiveCfg = Debug|Any CPU
		{D5C951E4-D8B7-429F-B86E-6B659FDF2C08}.Debug|Any CPU.Build.0 = Debug|Any CPU
		{D5C951E4-D8B7-429F-B86E-6B659FDF2C08}.Release|Any CPU.ActiveCfg = Release|Any CPU
		{D5C951E4-D8B7-429F-B86E-6B659FDF2C08}.Release|Any CPU.Build.0 = Release|Any CPU
		{D8E2F3A1-B4C5-4D6E-8F7A-9B0C1D2E3F45}.Debug|Any CPU.ActiveCfg = Debug|Any CPU
		{D8E2F3A1-B4C5-4D6E-8F7A-9B0C1D2E3F45}.Debug|Any CPU.Build.0 = Debug|Any CPU
		{D8E2F3A1-B4C5-4D6E-8F7A-9B0C1D2E3F45}.Release|Any CPU.ActiveCfg = Release|Any CPU
		{D8E2F3A1-B4C5-4D6E-8F7A-9B0C1D2E3F45}.Release|Any CPU.Build.0 = Release|Any CPU
	EndGlobalSection
	GlobalSection(NestedProjects) = preSolution
		{D8E2F3A1-B4C5-4D6E-8F7A-9B0C1D2E3F45} = {6E13A93E-402E-4A4C-BB78-D528750527D8}
	EndGlobalSection
EndGlobal
